// !$*UTF8*$!
{
	archiveVersion = 1;
	classes = {
	};
	objectVersion = 46;
	objects = {

/* Begin PBXBuildFile section */
		651309FC1D4D73D200467DF0 /* level1.json in Resources */ = {isa = PBXBuildFile; fileRef = 651309FB1D4D73D200467DF0 /* level1.json */; };
		651309FE1D4E4A2A00467DF0 /* LevelModel.swift in Sources */ = {isa = PBXBuildFile; fileRef = 651309FD1D4E4A2A00467DF0 /* LevelModel.swift */; };
		6514F5411E11D8F000C9452C /* HelpViewController.swift in Sources */ = {isa = PBXBuildFile; fileRef = 6514F5401E11D8F000C9452C /* HelpViewController.swift */; };
		6514F5421E11D8F000C9452C /* HelpViewController.swift in Sources */ = {isa = PBXBuildFile; fileRef = 6514F5401E11D8F000C9452C /* HelpViewController.swift */; };
		651822351DC5F45E00FE3860 /* CrazyDriverTests.swift in Sources */ = {isa = PBXBuildFile; fileRef = 651822341DC5F45E00FE3860 /* CrazyDriverTests.swift */; };
		6518223C1DC5F48700FE3860 /* ResultsModel.swift in Sources */ = {isa = PBXBuildFile; fileRef = 65B991A61DC51E8D0085AC33 /* ResultsModel.swift */; };
		6519E2A01D5D092D00C1560C /* WeaponsModel.swift in Sources */ = {isa = PBXBuildFile; fileRef = 6519E29F1D5D092D00C1560C /* WeaponsModel.swift */; };
		652C84331D82ECFF0034F40E /* MenuViewController.swift in Sources */ = {isa = PBXBuildFile; fileRef = 652C84321D82ECFF0034F40E /* MenuViewController.swift */; };
		6551A80E1CFCB2B7006227D5 /* SensorsModel.swift in Sources */ = {isa = PBXBuildFile; fileRef = 6551A80D1CFCB2B7006227D5 /* SensorsModel.swift */; };
		6551A8101CFCB2F0006227D5 /* CoreMotion.framework in Frameworks */ = {isa = PBXBuildFile; fileRef = 6551A80F1CFCB2F0006227D5 /* CoreMotion.framework */; };
		6554B4641E4116A3000AD4A1 /* level2.json in Resources */ = {isa = PBXBuildFile; fileRef = 6554B4631E4116A3000AD4A1 /* level2.json */; };
		6554B4661E4145AF000AD4A1 /* LevelViewController.swift in Sources */ = {isa = PBXBuildFile; fileRef = 6554B4651E4145AF000AD4A1 /* LevelViewController.swift */; };
		6554B4671E4145AF000AD4A1 /* LevelViewController.swift in Sources */ = {isa = PBXBuildFile; fileRef = 6554B4651E4145AF000AD4A1 /* LevelViewController.swift */; };
		656281991D200F260090B02F /* BaseObjectModel.swift in Sources */ = {isa = PBXBuildFile; fileRef = 656281981D200F260090B02F /* BaseObjectModel.swift */; };
		6564594C1E427E56009C5626 /* LevelTableViewCell.swift in Sources */ = {isa = PBXBuildFile; fileRef = 6564594B1E427E56009C5626 /* LevelTableViewCell.swift */; };
		6564594D1E427E56009C5626 /* LevelTableViewCell.swift in Sources */ = {isa = PBXBuildFile; fileRef = 6564594B1E427E56009C5626 /* LevelTableViewCell.swift */; };
		6564594F1E42816A009C5626 /* LevelsListModel.swift in Sources */ = {isa = PBXBuildFile; fileRef = 6564594E1E42816A009C5626 /* LevelsListModel.swift */; };
		656459501E42816A009C5626 /* LevelsListModel.swift in Sources */ = {isa = PBXBuildFile; fileRef = 6564594E1E42816A009C5626 /* LevelsListModel.swift */; };
		656BC6C21E2EBBC30077752F /* AboutViewController.swift in Sources */ = {isa = PBXBuildFile; fileRef = 656BC6C11E2EBBC30077752F /* AboutViewController.swift */; };
		656C77EA1D47C3F00044E30F /* Physics.swift in Sources */ = {isa = PBXBuildFile; fileRef = 656C77E91D47C3F00044E30F /* Physics.swift */; };
		657358D71D1AE8480054A25C /* ObjectViewModel.swift in Sources */ = {isa = PBXBuildFile; fileRef = 657358D61D1AE8470054A25C /* ObjectViewModel.swift */; };
		65753DAB1CF869D900EA74B8 /* AppDelegate.swift in Sources */ = {isa = PBXBuildFile; fileRef = 65753DAA1CF869D900EA74B8 /* AppDelegate.swift */; };
		65753DAD1CF869D900EA74B8 /* GameMainViewController.swift in Sources */ = {isa = PBXBuildFile; fileRef = 65753DAC1CF869D900EA74B8 /* GameMainViewController.swift */; };
		65753DB01CF869D900EA74B8 /* Main.storyboard in Resources */ = {isa = PBXBuildFile; fileRef = 65753DAE1CF869D900EA74B8 /* Main.storyboard */; };
		65753DB21CF869D900EA74B8 /* Assets.xcassets in Resources */ = {isa = PBXBuildFile; fileRef = 65753DB11CF869D900EA74B8 /* Assets.xcassets */; };
		65753DB51CF869DA00EA74B8 /* LaunchScreen.storyboard in Resources */ = {isa = PBXBuildFile; fileRef = 65753DB31CF869D900EA74B8 /* LaunchScreen.storyboard */; };
		65753DBD1CF86A4400EA74B8 /* GameMainView.swift in Sources */ = {isa = PBXBuildFile; fileRef = 65753DBC1CF86A4400EA74B8 /* GameMainView.swift */; };
		65753DC41CFB9E0700EA74B8 /* CarModel.swift in Sources */ = {isa = PBXBuildFile; fileRef = 65753DC31CFB9E0700EA74B8 /* CarModel.swift */; };
		657FCE951DE894BE005D7E2E /* ResultsTableViewController.swift in Sources */ = {isa = PBXBuildFile; fileRef = 657FCE941DE894BE005D7E2E /* ResultsTableViewController.swift */; };
		657FCE961DE894BE005D7E2E /* ResultsTableViewController.swift in Sources */ = {isa = PBXBuildFile; fileRef = 657FCE941DE894BE005D7E2E /* ResultsTableViewController.swift */; };
		657FCE991DE895E0005D7E2E /* ResultsTableViewCell.swift in Sources */ = {isa = PBXBuildFile; fileRef = 657FCE981DE895E0005D7E2E /* ResultsTableViewCell.swift */; };
		657FCE9A1DE895E0005D7E2E /* ResultsTableViewCell.swift in Sources */ = {isa = PBXBuildFile; fileRef = 657FCE981DE895E0005D7E2E /* ResultsTableViewCell.swift */; };
		657FCE9C1DE8B24B005D7E2E /* Utility.swift in Sources */ = {isa = PBXBuildFile; fileRef = 657FCE9B1DE8B24B005D7E2E /* Utility.swift */; };
		657FCE9D1DE8B24B005D7E2E /* Utility.swift in Sources */ = {isa = PBXBuildFile; fileRef = 657FCE9B1DE8B24B005D7E2E /* Utility.swift */; };
		65B991A71DC51E8D0085AC33 /* ResultsModel.swift in Sources */ = {isa = PBXBuildFile; fileRef = 65B991A61DC51E8D0085AC33 /* ResultsModel.swift */; };
		65C852B51D20138A0079CF3B /* GameModel.swift in Sources */ = {isa = PBXBuildFile; fileRef = 65C852B41D20138A0079CF3B /* GameModel.swift */; };
		65E8A6691D00544C00EEC45F /* Constants.swift in Sources */ = {isa = PBXBuildFile; fileRef = 65E8A6681D00544B00EEC45F /* Constants.swift */; };
/* End PBXBuildFile section */

/* Begin PBXContainerItemProxy section */
		651822371DC5F45E00FE3860 /* PBXContainerItemProxy */ = {
			isa = PBXContainerItemProxy;
			containerPortal = 65753D9F1CF869D900EA74B8 /* Project object */;
			proxyType = 1;
			remoteGlobalIDString = 65753DA61CF869D900EA74B8;
			remoteInfo = CrazyDriver;
		};
/* End PBXContainerItemProxy section */

/* Begin PBXFileReference section */
		651309FB1D4D73D200467DF0 /* level1.json */ = {isa = PBXFileReference; fileEncoding = 4; lastKnownFileType = text.json; path = level1.json; sourceTree = "<group>"; };
		651309FD1D4E4A2A00467DF0 /* LevelModel.swift */ = {isa = PBXFileReference; fileEncoding = 4; lastKnownFileType = sourcecode.swift; path = LevelModel.swift; sourceTree = "<group>"; };
		6514F5401E11D8F000C9452C /* HelpViewController.swift */ = {isa = PBXFileReference; fileEncoding = 4; lastKnownFileType = sourcecode.swift; path = HelpViewController.swift; sourceTree = "<group>"; };
		651822321DC5F45E00FE3860 /* CrazyDriverTests.xctest */ = {isa = PBXFileReference; explicitFileType = wrapper.cfbundle; includeInIndex = 0; path = CrazyDriverTests.xctest; sourceTree = BUILT_PRODUCTS_DIR; };
		651822341DC5F45E00FE3860 /* CrazyDriverTests.swift */ = {isa = PBXFileReference; lastKnownFileType = sourcecode.swift; path = CrazyDriverTests.swift; sourceTree = "<group>"; };
		651822361DC5F45E00FE3860 /* Info.plist */ = {isa = PBXFileReference; lastKnownFileType = text.plist.xml; path = Info.plist; sourceTree = "<group>"; };
		6519E29F1D5D092D00C1560C /* WeaponsModel.swift */ = {isa = PBXFileReference; fileEncoding = 4; lastKnownFileType = sourcecode.swift; path = WeaponsModel.swift; sourceTree = "<group>"; };
		652C84321D82ECFF0034F40E /* MenuViewController.swift */ = {isa = PBXFileReference; fileEncoding = 4; lastKnownFileType = sourcecode.swift; path = MenuViewController.swift; sourceTree = "<group>"; };
		6551A80D1CFCB2B7006227D5 /* SensorsModel.swift */ = {isa = PBXFileReference; fileEncoding = 4; lastKnownFileType = sourcecode.swift; path = SensorsModel.swift; sourceTree = "<group>"; };
		6551A80F1CFCB2F0006227D5 /* CoreMotion.framework */ = {isa = PBXFileReference; lastKnownFileType = wrapper.framework; name = CoreMotion.framework; path = System/Library/Frameworks/CoreMotion.framework; sourceTree = SDKROOT; };
		6554B4631E4116A3000AD4A1 /* level2.json */ = {isa = PBXFileReference; fileEncoding = 4; lastKnownFileType = text.json; path = level2.json; sourceTree = "<group>"; };
		6554B4651E4145AF000AD4A1 /* LevelViewController.swift */ = {isa = PBXFileReference; fileEncoding = 4; lastKnownFileType = sourcecode.swift; path = LevelViewController.swift; sourceTree = "<group>"; };
		656281981D200F260090B02F /* BaseObjectModel.swift */ = {isa = PBXFileReference; fileEncoding = 4; lastKnownFileType = sourcecode.swift; path = BaseObjectModel.swift; sourceTree = "<group>"; };
		6564594B1E427E56009C5626 /* LevelTableViewCell.swift */ = {isa = PBXFileReference; fileEncoding = 4; lastKnownFileType = sourcecode.swift; path = LevelTableViewCell.swift; sourceTree = "<group>"; };
		6564594E1E42816A009C5626 /* LevelsListModel.swift */ = {isa = PBXFileReference; fileEncoding = 4; lastKnownFileType = sourcecode.swift; path = LevelsListModel.swift; sourceTree = "<group>"; };
		656BC6C11E2EBBC30077752F /* AboutViewController.swift */ = {isa = PBXFileReference; fileEncoding = 4; lastKnownFileType = sourcecode.swift; path = AboutViewController.swift; sourceTree = "<group>"; };
		656C77E91D47C3F00044E30F /* Physics.swift */ = {isa = PBXFileReference; fileEncoding = 4; lastKnownFileType = sourcecode.swift; path = Physics.swift; sourceTree = "<group>"; };
		657358D61D1AE8470054A25C /* ObjectViewModel.swift */ = {isa = PBXFileReference; fileEncoding = 4; lastKnownFileType = sourcecode.swift; path = ObjectViewModel.swift; sourceTree = "<group>"; };
		65753DA71CF869D900EA74B8 /* CrazyDriver.app */ = {isa = PBXFileReference; explicitFileType = wrapper.application; includeInIndex = 0; path = CrazyDriver.app; sourceTree = BUILT_PRODUCTS_DIR; };
		65753DAA1CF869D900EA74B8 /* AppDelegate.swift */ = {isa = PBXFileReference; lastKnownFileType = sourcecode.swift; path = AppDelegate.swift; sourceTree = "<group>"; };
		65753DAC1CF869D900EA74B8 /* GameMainViewController.swift */ = {isa = PBXFileReference; lastKnownFileType = sourcecode.swift; path = GameMainViewController.swift; sourceTree = "<group>"; };
		65753DAF1CF869D900EA74B8 /* Base */ = {isa = PBXFileReference; lastKnownFileType = file.storyboard; name = Base; path = Base.lproj/Main.storyboard; sourceTree = "<group>"; };
		65753DB11CF869D900EA74B8 /* Assets.xcassets */ = {isa = PBXFileReference; lastKnownFileType = folder.assetcatalog; path = Assets.xcassets; sourceTree = "<group>"; };
		65753DB41CF869D900EA74B8 /* Base */ = {isa = PBXFileReference; lastKnownFileType = file.storyboard; name = Base; path = Base.lproj/LaunchScreen.storyboard; sourceTree = "<group>"; };
		65753DB61CF869DA00EA74B8 /* Info.plist */ = {isa = PBXFileReference; lastKnownFileType = text.plist.xml; path = Info.plist; sourceTree = "<group>"; };
		65753DBC1CF86A4400EA74B8 /* GameMainView.swift */ = {isa = PBXFileReference; fileEncoding = 4; lastKnownFileType = sourcecode.swift; path = GameMainView.swift; sourceTree = "<group>"; };
		65753DC31CFB9E0700EA74B8 /* CarModel.swift */ = {isa = PBXFileReference; fileEncoding = 4; lastKnownFileType = sourcecode.swift; path = CarModel.swift; sourceTree = "<group>"; };
		657FCE941DE894BE005D7E2E /* ResultsTableViewController.swift */ = {isa = PBXFileReference; fileEncoding = 4; lastKnownFileType = sourcecode.swift; path = ResultsTableViewController.swift; sourceTree = "<group>"; };
		657FCE981DE895E0005D7E2E /* ResultsTableViewCell.swift */ = {isa = PBXFileReference; fileEncoding = 4; lastKnownFileType = sourcecode.swift; path = ResultsTableViewCell.swift; sourceTree = "<group>"; };
		657FCE9B1DE8B24B005D7E2E /* Utility.swift */ = {isa = PBXFileReference; fileEncoding = 4; lastKnownFileType = sourcecode.swift; path = Utility.swift; sourceTree = "<group>"; };
		65B991A61DC51E8D0085AC33 /* ResultsModel.swift */ = {isa = PBXFileReference; fileEncoding = 4; lastKnownFileType = sourcecode.swift; path = ResultsModel.swift; sourceTree = "<group>"; };
		65C852B41D20138A0079CF3B /* GameModel.swift */ = {isa = PBXFileReference; fileEncoding = 4; lastKnownFileType = sourcecode.swift; path = GameModel.swift; sourceTree = "<group>"; };
		65E8A6681D00544B00EEC45F /* Constants.swift */ = {isa = PBXFileReference; fileEncoding = 4; lastKnownFileType = sourcecode.swift; path = Constants.swift; sourceTree = "<group>"; };
/* End PBXFileReference section */

/* Begin PBXFrameworksBuildPhase section */
		6518222F1DC5F45E00FE3860 /* Frameworks */ = {
			isa = PBXFrameworksBuildPhase;
			buildActionMask = 2147483647;
			files = (
			);
			runOnlyForDeploymentPostprocessing = 0;
		};
		65753DA41CF869D900EA74B8 /* Frameworks */ = {
			isa = PBXFrameworksBuildPhase;
			buildActionMask = 2147483647;
			files = (
				6551A8101CFCB2F0006227D5 /* CoreMotion.framework in Frameworks */,
			);
			runOnlyForDeploymentPostprocessing = 0;
		};
/* End PBXFrameworksBuildPhase section */

/* Begin PBXGroup section */
		651309FA1D4D73AC00467DF0 /* Level */ = {
			isa = PBXGroup;
			children = (
				651309FB1D4D73D200467DF0 /* level1.json */,
				6554B4631E4116A3000AD4A1 /* level2.json */,
			);
			name = Level;
			sourceTree = "<group>";
		};
		651822331DC5F45E00FE3860 /* CrazyDriverTests */ = {
			isa = PBXGroup;
			children = (
				651822341DC5F45E00FE3860 /* CrazyDriverTests.swift */,
				651822361DC5F45E00FE3860 /* Info.plist */,
			);
			path = CrazyDriverTests;
			sourceTree = "<group>";
		};
		6551A8131CFDCD77006227D5 /* Utils */ = {
			isa = PBXGroup;
			children = (
				656C77E91D47C3F00044E30F /* Physics.swift */,
				657FCE9B1DE8B24B005D7E2E /* Utility.swift */,
			);
			name = Utils;
			sourceTree = "<group>";
		};
		6551A8161CFDD094006227D5 /* Frameworks */ = {
			isa = PBXGroup;
			children = (
				6551A80F1CFCB2F0006227D5 /* CoreMotion.framework */,
			);
			name = Frameworks;
			sourceTree = "<group>";
		};
		65753D9E1CF869D900EA74B8 = {
			isa = PBXGroup;
			children = (
				65753DA91CF869D900EA74B8 /* CrazyDriver */,
				651822331DC5F45E00FE3860 /* CrazyDriverTests */,
				65753DA81CF869D900EA74B8 /* Products */,
			);
			sourceTree = "<group>";
		};
		65753DA81CF869D900EA74B8 /* Products */ = {
			isa = PBXGroup;
			children = (
				65753DA71CF869D900EA74B8 /* CrazyDriver.app */,
				651822321DC5F45E00FE3860 /* CrazyDriverTests.xctest */,
			);
			name = Products;
			sourceTree = "<group>";
		};
		65753DA91CF869D900EA74B8 /* CrazyDriver */ = {
			isa = PBXGroup;
			children = (
				657FCE971DE895C3005D7E2E /* Cells */,
				651309FA1D4D73AC00467DF0 /* Level */,
				65DEC1DC1D2F07EF0033D0AB /* Controller */,
				6551A8161CFDD094006227D5 /* Frameworks */,
				6551A8131CFDCD77006227D5 /* Utils */,
				65753DC21CFB9DD000EA74B8 /* Model */,
				65753DBE1CF86A4B00EA74B8 /* Views */,
				65753DAA1CF869D900EA74B8 /* AppDelegate.swift */,
				65753DAE1CF869D900EA74B8 /* Main.storyboard */,
				65753DB11CF869D900EA74B8 /* Assets.xcassets */,
				65753DB31CF869D900EA74B8 /* LaunchScreen.storyboard */,
				65753DB61CF869DA00EA74B8 /* Info.plist */,
			);
			path = CrazyDriver;
			sourceTree = "<group>";
		};
		65753DBE1CF86A4B00EA74B8 /* Views */ = {
			isa = PBXGroup;
			children = (
				65753DBC1CF86A4400EA74B8 /* GameMainView.swift */,
				65E8A6681D00544B00EEC45F /* Constants.swift */,
			);
			name = Views;
			sourceTree = "<group>";
		};
		65753DC21CFB9DD000EA74B8 /* Model */ = {
			isa = PBXGroup;
			children = (
				65753DC31CFB9E0700EA74B8 /* CarModel.swift */,
				6551A80D1CFCB2B7006227D5 /* SensorsModel.swift */,
				657358D61D1AE8470054A25C /* ObjectViewModel.swift */,
				656281981D200F260090B02F /* BaseObjectModel.swift */,
				65C852B41D20138A0079CF3B /* GameModel.swift */,
				651309FD1D4E4A2A00467DF0 /* LevelModel.swift */,
				6519E29F1D5D092D00C1560C /* WeaponsModel.swift */,
				65B991A61DC51E8D0085AC33 /* ResultsModel.swift */,
				6564594E1E42816A009C5626 /* LevelsListModel.swift */,
			);
			name = Model;
			sourceTree = "<group>";
		};
		657FCE971DE895C3005D7E2E /* Cells */ = {
			isa = PBXGroup;
			children = (
				657FCE981DE895E0005D7E2E /* ResultsTableViewCell.swift */,
				6564594B1E427E56009C5626 /* LevelTableViewCell.swift */,
			);
			name = Cells;
			sourceTree = "<group>";
		};
		65DEC1DC1D2F07EF0033D0AB /* Controller */ = {
			isa = PBXGroup;
			children = (
				65753DAC1CF869D900EA74B8 /* GameMainViewController.swift */,
				652C84321D82ECFF0034F40E /* MenuViewController.swift */,
				657FCE941DE894BE005D7E2E /* ResultsTableViewController.swift */,
				6514F5401E11D8F000C9452C /* HelpViewController.swift */,
				656BC6C11E2EBBC30077752F /* AboutViewController.swift */,
				6554B4651E4145AF000AD4A1 /* LevelViewController.swift */,
			);
			name = Controller;
			sourceTree = "<group>";
		};
/* End PBXGroup section */

/* Begin PBXNativeTarget section */
		651822311DC5F45E00FE3860 /* CrazyDriverTests */ = {
			isa = PBXNativeTarget;
			buildConfigurationList = 6518223B1DC5F45E00FE3860 /* Build configuration list for PBXNativeTarget "CrazyDriverTests" */;
			buildPhases = (
				6518222E1DC5F45E00FE3860 /* Sources */,
				6518222F1DC5F45E00FE3860 /* Frameworks */,
				651822301DC5F45E00FE3860 /* Resources */,
			);
			buildRules = (
			);
			dependencies = (
				651822381DC5F45E00FE3860 /* PBXTargetDependency */,
			);
			name = CrazyDriverTests;
			productName = CrazyDriverTests;
			productReference = 651822321DC5F45E00FE3860 /* CrazyDriverTests.xctest */;
			productType = "com.apple.product-type.bundle.unit-test";
		};
		65753DA61CF869D900EA74B8 /* CrazyDriver */ = {
			isa = PBXNativeTarget;
			buildConfigurationList = 65753DB91CF869DA00EA74B8 /* Build configuration list for PBXNativeTarget "CrazyDriver" */;
			buildPhases = (
				65753DA31CF869D900EA74B8 /* Sources */,
				65753DA41CF869D900EA74B8 /* Frameworks */,
				65753DA51CF869D900EA74B8 /* Resources */,
			);
			buildRules = (
			);
			dependencies = (
			);
			name = CrazyDriver;
			productName = CrazyDriver;
			productReference = 65753DA71CF869D900EA74B8 /* CrazyDriver.app */;
			productType = "com.apple.product-type.application";
		};
/* End PBXNativeTarget section */

/* Begin PBXProject section */
		65753D9F1CF869D900EA74B8 /* Project object */ = {
			isa = PBXProject;
			attributes = {
				LastSwiftUpdateCheck = 0800;
				LastUpgradeCheck = 0800;
				ORGANIZATIONNAME = TA;
				TargetAttributes = {
					651822311DC5F45E00FE3860 = {
						CreatedOnToolsVersion = 8.0;
						DevelopmentTeam = W4LB2R7L9L;
						ProvisioningStyle = Automatic;
						TestTargetID = 65753DA61CF869D900EA74B8;
					};
					65753DA61CF869D900EA74B8 = {
						CreatedOnToolsVersion = 7.3.1;
						DevelopmentTeam = W4LB2R7L9L;
						LastSwiftMigration = 0800;
						ProvisioningStyle = Automatic;
					};
				};
			};
			buildConfigurationList = 65753DA21CF869D900EA74B8 /* Build configuration list for PBXProject "CrazyDriver" */;
			compatibilityVersion = "Xcode 3.2";
			developmentRegion = English;
			hasScannedForEncodings = 0;
			knownRegions = (
				en,
				Base,
			);
			mainGroup = 65753D9E1CF869D900EA74B8;
			productRefGroup = 65753DA81CF869D900EA74B8 /* Products */;
			projectDirPath = "";
			projectRoot = "";
			targets = (
				65753DA61CF869D900EA74B8 /* CrazyDriver */,
				651822311DC5F45E00FE3860 /* CrazyDriverTests */,
			);
		};
/* End PBXProject section */

/* Begin PBXResourcesBuildPhase section */
		651822301DC5F45E00FE3860 /* Resources */ = {
			isa = PBXResourcesBuildPhase;
			buildActionMask = 2147483647;
			files = (
			);
			runOnlyForDeploymentPostprocessing = 0;
		};
		65753DA51CF869D900EA74B8 /* Resources */ = {
			isa = PBXResourcesBuildPhase;
			buildActionMask = 2147483647;
			files = (
				651309FC1D4D73D200467DF0 /* level1.json in Resources */,
				6554B4641E4116A3000AD4A1 /* level2.json in Resources */,
				65753DB51CF869DA00EA74B8 /* LaunchScreen.storyboard in Resources */,
				65753DB21CF869D900EA74B8 /* Assets.xcassets in Resources */,
				65753DB01CF869D900EA74B8 /* Main.storyboard in Resources */,
			);
			runOnlyForDeploymentPostprocessing = 0;
		};
/* End PBXResourcesBuildPhase section */

/* Begin PBXSourcesBuildPhase section */
		6518222E1DC5F45E00FE3860 /* Sources */ = {
			isa = PBXSourcesBuildPhase;
			buildActionMask = 2147483647;
			files = (
				657FCE9D1DE8B24B005D7E2E /* Utility.swift in Sources */,
				6514F5421E11D8F000C9452C /* HelpViewController.swift in Sources */,
				657FCE961DE894BE005D7E2E /* ResultsTableViewController.swift in Sources */,
				6554B4671E4145AF000AD4A1 /* LevelViewController.swift in Sources */,
				6518223C1DC5F48700FE3860 /* ResultsModel.swift in Sources */,
				656459501E42816A009C5626 /* LevelsListModel.swift in Sources */,
				657FCE9A1DE895E0005D7E2E /* ResultsTableViewCell.swift in Sources */,
				6564594D1E427E56009C5626 /* LevelTableViewCell.swift in Sources */,
				651822351DC5F45E00FE3860 /* CrazyDriverTests.swift in Sources */,
			);
			runOnlyForDeploymentPostprocessing = 0;
		};
		65753DA31CF869D900EA74B8 /* Sources */ = {
			isa = PBXSourcesBuildPhase;
			buildActionMask = 2147483647;
			files = (
				65753DC41CFB9E0700EA74B8 /* CarModel.swift in Sources */,
				65753DAD1CF869D900EA74B8 /* GameMainViewController.swift in Sources */,
				65753DBD1CF86A4400EA74B8 /* GameMainView.swift in Sources */,
				65753DAB1CF869D900EA74B8 /* AppDelegate.swift in Sources */,
				657358D71D1AE8480054A25C /* ObjectViewModel.swift in Sources */,
				651309FE1D4E4A2A00467DF0 /* LevelModel.swift in Sources */,
				65C852B51D20138A0079CF3B /* GameModel.swift in Sources */,
				652C84331D82ECFF0034F40E /* MenuViewController.swift in Sources */,
				65E8A6691D00544C00EEC45F /* Constants.swift in Sources */,
				656BC6C21E2EBBC30077752F /* AboutViewController.swift in Sources */,
				657FCE951DE894BE005D7E2E /* ResultsTableViewController.swift in Sources */,
				6554B4661E4145AF000AD4A1 /* LevelViewController.swift in Sources */,
				6564594F1E42816A009C5626 /* LevelsListModel.swift in Sources */,
				657FCE991DE895E0005D7E2E /* ResultsTableViewCell.swift in Sources */,
				656C77EA1D47C3F00044E30F /* Physics.swift in Sources */,
				6551A80E1CFCB2B7006227D5 /* SensorsModel.swift in Sources */,
				6514F5411E11D8F000C9452C /* HelpViewController.swift in Sources */,
				656281991D200F260090B02F /* BaseObjectModel.swift in Sources */,
				6564594C1E427E56009C5626 /* LevelTableViewCell.swift in Sources */,
				65B991A71DC51E8D0085AC33 /* ResultsModel.swift in Sources */,
				6519E2A01D5D092D00C1560C /* WeaponsModel.swift in Sources */,
				657FCE9C1DE8B24B005D7E2E /* Utility.swift in Sources */,
			);
			runOnlyForDeploymentPostprocessing = 0;
		};
/* End PBXSourcesBuildPhase section */

/* Begin PBXTargetDependency section */
		651822381DC5F45E00FE3860 /* PBXTargetDependency */ = {
			isa = PBXTargetDependency;
			target = 65753DA61CF869D900EA74B8 /* CrazyDriver */;
			targetProxy = 651822371DC5F45E00FE3860 /* PBXContainerItemProxy */;
		};
/* End PBXTargetDependency section */

/* Begin PBXVariantGroup section */
		65753DAE1CF869D900EA74B8 /* Main.storyboard */ = {
			isa = PBXVariantGroup;
			children = (
				65753DAF1CF869D900EA74B8 /* Base */,
			);
			name = Main.storyboard;
			sourceTree = "<group>";
		};
		65753DB31CF869D900EA74B8 /* LaunchScreen.storyboard */ = {
			isa = PBXVariantGroup;
			children = (
				65753DB41CF869D900EA74B8 /* Base */,
			);
			name = LaunchScreen.storyboard;
			sourceTree = "<group>";
		};
/* End PBXVariantGroup section */

/* Begin XCBuildConfiguration section */
		651822391DC5F45E00FE3860 /* Debug */ = {
			isa = XCBuildConfiguration;
			buildSettings = {
				BUNDLE_LOADER = "$(TEST_HOST)";
				CLANG_WARN_DOCUMENTATION_COMMENTS = YES;
				CLANG_WARN_INFINITE_RECURSION = YES;
				CLANG_WARN_SUSPICIOUS_MOVES = YES;
				DEVELOPMENT_TEAM = W4LB2R7L9L;
				INFOPLIST_FILE = CrazyDriverTests/Info.plist;
				IPHONEOS_DEPLOYMENT_TARGET = 10.0;
				LD_RUNPATH_SEARCH_PATHS = "$(inherited) @executable_path/Frameworks @loader_path/Frameworks";
				PRODUCT_BUNDLE_IDENTIFIER = Scout24.CrazyDriverTests;
				PRODUCT_NAME = "$(TARGET_NAME)";
				SWIFT_ACTIVE_COMPILATION_CONDITIONS = DEBUG;
				SWIFT_VERSION = 3.0;
				TEST_HOST = "$(BUILT_PRODUCTS_DIR)/CrazyDriver.app/CrazyDriver";
			};
			name = Debug;
		};
		6518223A1DC5F45E00FE3860 /* Release */ = {
			isa = XCBuildConfiguration;
			buildSettings = {
				BUNDLE_LOADER = "$(TEST_HOST)";
				CLANG_WARN_DOCUMENTATION_COMMENTS = YES;
				CLANG_WARN_INFINITE_RECURSION = YES;
				CLANG_WARN_SUSPICIOUS_MOVES = YES;
				DEVELOPMENT_TEAM = W4LB2R7L9L;
				INFOPLIST_FILE = CrazyDriverTests/Info.plist;
				IPHONEOS_DEPLOYMENT_TARGET = 10.0;
				LD_RUNPATH_SEARCH_PATHS = "$(inherited) @executable_path/Frameworks @loader_path/Frameworks";
				PRODUCT_BUNDLE_IDENTIFIER = Scout24.CrazyDriverTests;
				PRODUCT_NAME = "$(TARGET_NAME)";
				SWIFT_OPTIMIZATION_LEVEL = "-Owholemodule";
				SWIFT_VERSION = 3.0;
				TEST_HOST = "$(BUILT_PRODUCTS_DIR)/CrazyDriver.app/CrazyDriver";
			};
			name = Release;
		};
		65753DB71CF869DA00EA74B8 /* Debug */ = {
			isa = XCBuildConfiguration;
			buildSettings = {
				ALWAYS_SEARCH_USER_PATHS = NO;
				CLANG_ANALYZER_NONNULL = YES;
				CLANG_CXX_LANGUAGE_STANDARD = "gnu++0x";
				CLANG_CXX_LIBRARY = "libc++";
				CLANG_ENABLE_MODULES = YES;
				CLANG_ENABLE_OBJC_ARC = YES;
				CLANG_WARN_BOOL_CONVERSION = YES;
				CLANG_WARN_CONSTANT_CONVERSION = YES;
				CLANG_WARN_DIRECT_OBJC_ISA_USAGE = YES_ERROR;
				CLANG_WARN_EMPTY_BODY = YES;
				CLANG_WARN_ENUM_CONVERSION = YES;
				CLANG_WARN_INT_CONVERSION = YES;
				CLANG_WARN_OBJC_ROOT_CLASS = YES_ERROR;
				CLANG_WARN_UNREACHABLE_CODE = YES;
				CLANG_WARN__DUPLICATE_METHOD_MATCH = YES;
				"CODE_SIGN_IDENTITY[sdk=iphoneos*]" = "iPhone Developer";
				COPY_PHASE_STRIP = NO;
				DEBUG_INFORMATION_FORMAT = dwarf;
				ENABLE_STRICT_OBJC_MSGSEND = YES;
				ENABLE_TESTABILITY = YES;
				GCC_C_LANGUAGE_STANDARD = gnu99;
				GCC_DYNAMIC_NO_PIC = NO;
				GCC_NO_COMMON_BLOCKS = YES;
				GCC_OPTIMIZATION_LEVEL = 0;
				GCC_PREPROCESSOR_DEFINITIONS = (
					"DEBUG=1",
					"$(inherited)",
				);
				GCC_WARN_64_TO_32_BIT_CONVERSION = YES;
				GCC_WARN_ABOUT_RETURN_TYPE = YES_ERROR;
				GCC_WARN_UNDECLARED_SELECTOR = YES;
				GCC_WARN_UNINITIALIZED_AUTOS = YES_AGGRESSIVE;
				GCC_WARN_UNUSED_FUNCTION = YES;
				GCC_WARN_UNUSED_VARIABLE = YES;
				IPHONEOS_DEPLOYMENT_TARGET = 9.3;
				MTL_ENABLE_DEBUG_INFO = YES;
				ONLY_ACTIVE_ARCH = YES;
				SDKROOT = iphoneos;
				SWIFT_OPTIMIZATION_LEVEL = "-Onone";
				TARGETED_DEVICE_FAMILY = "1,2";
			};
			name = Debug;
		};
		65753DB81CF869DA00EA74B8 /* Release */ = {
			isa = XCBuildConfiguration;
			buildSettings = {
				ALWAYS_SEARCH_USER_PATHS = NO;
				CLANG_ANALYZER_NONNULL = YES;
				CLANG_CXX_LANGUAGE_STANDARD = "gnu++0x";
				CLANG_CXX_LIBRARY = "libc++";
				CLANG_ENABLE_MODULES = YES;
				CLANG_ENABLE_OBJC_ARC = YES;
				CLANG_WARN_BOOL_CONVERSION = YES;
				CLANG_WARN_CONSTANT_CONVERSION = YES;
				CLANG_WARN_DIRECT_OBJC_ISA_USAGE = YES_ERROR;
				CLANG_WARN_EMPTY_BODY = YES;
				CLANG_WARN_ENUM_CONVERSION = YES;
				CLANG_WARN_INT_CONVERSION = YES;
				CLANG_WARN_OBJC_ROOT_CLASS = YES_ERROR;
				CLANG_WARN_UNREACHABLE_CODE = YES;
				CLANG_WARN__DUPLICATE_METHOD_MATCH = YES;
				"CODE_SIGN_IDENTITY[sdk=iphoneos*]" = "iPhone Developer";
				COPY_PHASE_STRIP = NO;
				DEBUG_INFORMATION_FORMAT = "dwarf-with-dsym";
				ENABLE_NS_ASSERTIONS = NO;
				ENABLE_STRICT_OBJC_MSGSEND = YES;
				GCC_C_LANGUAGE_STANDARD = gnu99;
				GCC_NO_COMMON_BLOCKS = YES;
				GCC_WARN_64_TO_32_BIT_CONVERSION = YES;
				GCC_WARN_ABOUT_RETURN_TYPE = YES_ERROR;
				GCC_WARN_UNDECLARED_SELECTOR = YES;
				GCC_WARN_UNINITIALIZED_AUTOS = YES_AGGRESSIVE;
				GCC_WARN_UNUSED_FUNCTION = YES;
				GCC_WARN_UNUSED_VARIABLE = YES;
				IPHONEOS_DEPLOYMENT_TARGET = 9.3;
				MTL_ENABLE_DEBUG_INFO = NO;
				SDKROOT = iphoneos;
				TARGETED_DEVICE_FAMILY = "1,2";
				VALIDATE_PRODUCT = YES;
			};
			name = Release;
		};
		65753DBA1CF869DA00EA74B8 /* Debug */ = {
			isa = XCBuildConfiguration;
			buildSettings = {
				ASSETCATALOG_COMPILER_APPICON_NAME = AppIcon;
				CODE_SIGN_IDENTITY = "Mac Developer";
				"CODE_SIGN_IDENTITY[sdk=iphoneos*]" = "iPhone Developer";
				DEVELOPMENT_TEAM = W4LB2R7L9L;
				INFOPLIST_FILE = CrazyDriver/Info.plist;
				IPHONEOS_DEPLOYMENT_TARGET = 10.0;
				LD_RUNPATH_SEARCH_PATHS = "$(inherited) @executable_path/Frameworks";
				PRODUCT_BUNDLE_IDENTIFIER = ch.CrazyDriver;
				PRODUCT_NAME = "$(TARGET_NAME)";
				PROVISIONING_PROFILE = "";
				PROVISIONING_PROFILE_SPECIFIER = "";
				SWIFT_VERSION = 3.0;
				TARGETED_DEVICE_FAMILY = 1;
			};
			name = Debug;
		};
		65753DBB1CF869DA00EA74B8 /* Release */ = {
			isa = XCBuildConfiguration;
			buildSettings = {
				ASSETCATALOG_COMPILER_APPICON_NAME = AppIcon;
				CODE_SIGN_IDENTITY = "Mac Developer";
				"CODE_SIGN_IDENTITY[sdk=iphoneos*]" = "iPhone Developer";
				DEVELOPMENT_TEAM = W4LB2R7L9L;
				INFOPLIST_FILE = CrazyDriver/Info.plist;
				IPHONEOS_DEPLOYMENT_TARGET = 10.0;
				LD_RUNPATH_SEARCH_PATHS = "$(inherited) @executable_path/Frameworks";
				PRODUCT_BUNDLE_IDENTIFIER = ch.CrazyDriver;
				PRODUCT_NAME = "$(TARGET_NAME)";
				PROVISIONING_PROFILE = "";
				PROVISIONING_PROFILE_SPECIFIER = "";
				SWIFT_OPTIMIZATION_LEVEL = "-Owholemodule";
				SWIFT_VERSION = 3.0;
				TARGETED_DEVICE_FAMILY = 1;
			};
			name = Release;
		};
/* End XCBuildConfiguration section */

/* Begin XCConfigurationList section */
		6518223B1DC5F45E00FE3860 /* Build configuration list for PBXNativeTarget "CrazyDriverTests" */ = {
			isa = XCConfigurationList;
			buildConfigurations = (
				651822391DC5F45E00FE3860 /* Debug */,
				6518223A1DC5F45E00FE3860 /* Release */,
			);
			defaultConfigurationIsVisible = 0;
			defaultConfigurationName = Release;
		};
		65753DA21CF869D900EA74B8 /* Build configuration list for PBXProject "CrazyDriver" */ = {
			isa = XCConfigurationList;
			buildConfigurations = (
				65753DB71CF869DA00EA74B8 /* Debug */,
				65753DB81CF869DA00EA74B8 /* Release */,
			);
			defaultConfigurationIsVisible = 0;
			defaultConfigurationName = Release;
		};
		65753DB91CF869DA00EA74B8 /* Build configuration list for PBXNativeTarget "CrazyDriver" */ = {
			isa = XCConfigurationList;
			buildConfigurations = (
				65753DBA1CF869DA00EA74B8 /* Debug */,
				65753DBB1CF869DA00EA74B8 /* Release */,
			);
			defaultConfigurationIsVisible = 0;
			defaultConfigurationName = Release;
		};
/* End XCConfigurationList section */
	};
	rootObject = 65753D9F1CF869D900EA74B8 /* Project object */;
}
